
Microsoft Visual Studio Solution File, Format Version 12.00
Project("{2150E333-8FDC-42A3-9474-1A3956D46DE8}") = "solution-items", "solution-items", "{12EFCF49-F8ED-4678-B0AE-83DBB031ED5F}"
	ProjectSection(SolutionItems) = preProject
		README.md = README.md
		docker-compose.yml = docker-compose.yml
	EndProjectSection
EndProject
Project("{FAE04EC0-301F-11D3-BF4B-00C04F79EFBC}") = "TFA.Domain", "TFA.Domain\TFA.Domain.csproj", "{7E2AA428-F3A6-4A45-BCB8-397BFA382B03}"
EndProject
Project("{FAE04EC0-301F-11D3-BF4B-00C04F79EFBC}") = "TFA.Storage", "TFA.Storage\TFA.Storage.csproj", "{1F286456-4AF8-492F-91B5-C1833D34949E}"
EndProject
Project("{FAE04EC0-301F-11D3-BF4B-00C04F79EFBC}") = "TFA.API", "TFA.API\TFA.API.csproj", "{94BB7C2E-DFB3-4D4C-BD50-CE7672E873D3}"
EndProject
Project("{FAE04EC0-301F-11D3-BF4B-00C04F79EFBC}") = "TFA.Domain.Tests", "TFA.Domain.Tests\TFA.Domain.Tests.csproj", "{FBD72A7F-3EE6-475F-A4BA-0EC7EE21621D}"
EndProject
Project("{FAE04EC0-301F-11D3-BF4B-00C04F79EFBC}") = "TFA.Domain.DependencyInjection", "TFA.Domain.DependencyInjection\TFA.Domain.DependencyInjection.csproj", "{FB309A46-67D9-4A4B-9020-855A75B9698C}"
EndProject
Project("{FAE04EC0-301F-11D3-BF4B-00C04F79EFBC}") = "TFA.Storage.DependencyInjection", "TFA.Storage.DependencyInjection\TFA.Storage.DependencyInjection.csproj", "{22B0E6F3-C5FE-45D1-B5AB-3703F869A771}"
EndProject
Project("{FAE04EC0-301F-11D3-BF4B-00C04F79EFBC}") = "TFA.E2E", "TFA.E2E\TFA.E2E.csproj", "{0745B0CA-116D-4E39-8DBD-462344FB3615}"
EndProject
Global
	GlobalSection(SolutionConfigurationPlatforms) = preSolution
		Debug|Any CPU = Debug|Any CPU
		Release|Any CPU = Release|Any CPU
	EndGlobalSection
	GlobalSection(ProjectConfigurationPlatforms) = postSolution
		{7E2AA428-F3A6-4A45-BCB8-397BFA382B03}.Debug|Any CPU.ActiveCfg = Debug|Any CPU
		{7E2AA428-F3A6-4A45-BCB8-397BFA382B03}.Debug|Any CPU.Build.0 = Debug|Any CPU
		{7E2AA428-F3A6-4A45-BCB8-397BFA382B03}.Release|Any CPU.ActiveCfg = Release|Any CPU
		{7E2AA428-F3A6-4A45-BCB8-397BFA382B03}.Release|Any CPU.Build.0 = Release|Any CPU
		{1F286456-4AF8-492F-91B5-C1833D34949E}.Debug|Any CPU.ActiveCfg = Debug|Any CPU
		{1F286456-4AF8-492F-91B5-C1833D34949E}.Debug|Any CPU.Build.0 = Debug|Any CPU
		{1F286456-4AF8-492F-91B5-C1833D34949E}.Release|Any CPU.ActiveCfg = Release|Any CPU
		{1F286456-4AF8-492F-91B5-C1833D34949E}.Release|Any CPU.Build.0 = Release|Any CPU
		{94BB7C2E-DFB3-4D4C-BD50-CE7672E873D3}.Debug|Any CPU.ActiveCfg = Debug|Any CPU
		{94BB7C2E-DFB3-4D4C-BD50-CE7672E873D3}.Debug|Any CPU.Build.0 = Debug|Any CPU
		{94BB7C2E-DFB3-4D4C-BD50-CE7672E873D3}.Release|Any CPU.ActiveCfg = Release|Any CPU
		{94BB7C2E-DFB3-4D4C-BD50-CE7672E873D3}.Release|Any CPU.Build.0 = Release|Any CPU
		{FBD72A7F-3EE6-475F-A4BA-0EC7EE21621D}.Debug|Any CPU.ActiveCfg = Debug|Any CPU
		{FBD72A7F-3EE6-475F-A4BA-0EC7EE21621D}.Debug|Any CPU.Build.0 = Debug|Any CPU
		{FBD72A7F-3EE6-475F-A4BA-0EC7EE21621D}.Release|Any CPU.ActiveCfg = Release|Any CPU
		{FBD72A7F-3EE6-475F-A4BA-0EC7EE21621D}.Release|Any CPU.Build.0 = Release|Any CPU
		{FB309A46-67D9-4A4B-9020-855A75B9698C}.Debug|Any CPU.ActiveCfg = Debug|Any CPU
		{FB309A46-67D9-4A4B-9020-855A75B9698C}.Debug|Any CPU.Build.0 = Debug|Any CPU
		{FB309A46-67D9-4A4B-9020-855A75B9698C}.Release|Any CPU.ActiveCfg = Release|Any CPU
		{FB309A46-67D9-4A4B-9020-855A75B9698C}.Release|Any CPU.Build.0 = Release|Any CPU
		{22B0E6F3-C5FE-45D1-B5AB-3703F869A771}.Debug|Any CPU.ActiveCfg = Debug|Any CPU
		{22B0E6F3-C5FE-45D1-B5AB-3703F869A771}.Debug|Any CPU.Build.0 = Debug|Any CPU
		{22B0E6F3-C5FE-45D1-B5AB-3703F869A771}.Release|Any CPU.ActiveCfg = Release|Any CPU
		{22B0E6F3-C5FE-45D1-B5AB-3703F869A771}.Release|Any CPU.Build.0 = Release|Any CPU
		{0745B0CA-116D-4E39-8DBD-462344FB3615}.Debug|Any CPU.ActiveCfg = Debug|Any CPU
		{0745B0CA-116D-4E39-8DBD-462344FB3615}.Debug|Any CPU.Build.0 = Debug|Any CPU
		{0745B0CA-116D-4E39-8DBD-462344FB3615}.Release|Any CPU.ActiveCfg = Release|Any CPU
		{0745B0CA-116D-4E39-8DBD-462344FB3615}.Release|Any CPU.Build.0 = Release|Any CPU
	EndGlobalSection
EndGlobal
